{
  "name": "import-sort-style-tuomokar",
  "version": "1.0.0",
  "lockfileVersion": 1,
  "requires": true,
  "dependencies": {
    "import-sort-parser": {
      "version": "5.0.0",
      "resolved": "https://registry.npmjs.org/import-sort-parser/-/import-sort-parser-5.0.0.tgz",
      "integrity": "sha1-nL8C5NZyvYBW/nV+qB+G9uF3alc=",
      "dev": true
    },
    "import-sort-style": {
      "version": "5.0.0",
      "resolved": "https://registry.npmjs.org/import-sort-style/-/import-sort-style-5.0.0.tgz",
      "integrity": "sha1-ZUfjeSszmUOU3Ybutt9oJoOK2Xs=",
      "dev": true
    },
    "typescript": {
      "version": "3.2.2",
      "resolved": "https://registry.npmjs.org/typescript/-/typescript-3.2.2.tgz",
      "integrity": "sha512-VCj5UiSyHBjwfYacmDuc/NOk4QQixbE+Wn7MFJuS0nRuPQbof132Pw4u53dm264O8LPc2MVsc7RJNml5szurkg==",
      "dev": true
    }
  }
}
